
Microsoft Visual Studio Solution File, Format Version 12.00
# Visual Studio Version 17
VisualStudioVersion = 17.8.34330.188
MinimumVisualStudioVersion = 10.0.40219.1
Project("{2150E333-8FDC-42A3-9474-1A3956D46DE8}") = "Driving", "Driving", "{1F6ADC0E-ECA3-4E56-8EF1-CF181D279DAA}"
EndProject
Project("{2150E333-8FDC-42A3-9474-1A3956D46DE8}") = "src", "src", "{6F279363-1236-4CDF-A931-F10264E245C1}"
EndProject
Project("{2150E333-8FDC-42A3-9474-1A3956D46DE8}") = "Adapters", "Adapters", "{5C2590D2-1933-451D-AC37-0BCCE10E2407}"
EndProject
Project("{2150E333-8FDC-42A3-9474-1A3956D46DE8}") = "Driven", "Driven", "{970499EF-1E86-4A10-96D7-628D26202C94}"
EndProject
Project("{9A19103F-16F7-4668-BE54-9A1E7A4F7556}") = "Indt.Sistema.Seguros.Infra.DataBase", "src\Indt.Sistema.Seguros.Infra.DataBase\Indt.Sistema.Seguros.Infra.DataBase.csproj", "{3D75339D-6567-45D5-80F2-9DEA41FDAE16}"
EndProject
Project("{9A19103F-16F7-4668-BE54-9A1E7A4F7556}") = "Indt.Sistema.Seguros.Infra.MessageBroker", "src\Indt.Sistema.Seguros.Infra.MessageBroker\Indt.Sistema.Seguros.Infra.MessageBroker.csproj", "{9BDC608D-E231-49B4-B026-44FF366F59D1}"
EndProject
Project("{2150E333-8FDC-42A3-9474-1A3956D46DE8}") = "Core", "Core", "{4828238C-BDA1-476B-968F-563B3CD0AF3B}"
EndProject
Project("{9A19103F-16F7-4668-BE54-9A1E7A4F7556}") = "Indt.Sistema.Seguros.App.API", "src\Indt.Sistema.Seguros.App.API\Indt.Sistema.Seguros.App.API.csproj", "{60C6354F-553E-49C5-996D-BC0704035682}"
EndProject
Project("{9A19103F-16F7-4668-BE54-9A1E7A4F7556}") = "Indt.Sistema.Seguros.App.Workers", "src\Indt.Sistema.Seguros.App.Workers\Indt.Sistema.Seguros.App.Workers.csproj", "{CD9F8010-543A-44FD-B6A8-94560FE93A6F}"
EndProject
Project("{2150E333-8FDC-42A3-9474-1A3956D46DE8}") = "Application", "Application", "{AB453A4D-0595-4D02-854D-1BA05394873F}"
EndProject
Project("{2150E333-8FDC-42A3-9474-1A3956D46DE8}") = "Domain", "Domain", "{6845D2AC-3912-474B-BAD6-DC3A4FF634C0}"
EndProject
Project("{9A19103F-16F7-4668-BE54-9A1E7A4F7556}") = "Indt.Sistema.Seguros.Domain", "src\Indt.Sistema.Seguros.Domain\Indt.Sistema.Seguros.Domain.csproj", "{600107B1-D720-46CB-A050-8A114C512FCB}"
EndProject
Project("{2150E333-8FDC-42A3-9474-1A3956D46DE8}") = "Tests", "Tests", "{1A93E300-2F24-4588-A345-1D7CDAEF3410}"
EndProject
Project("{9A19103F-16F7-4668-BE54-9A1E7A4F7556}") = "Indt.Sistema.Seguros.Tests", "Indt.Sistema.Seguros.Tests\Indt.Sistema.Seguros.Tests.csproj", "{058E8305-14FC-4ECE-9D6A-5EAD45D457CA}"
EndProject
Project("{9A19103F-16F7-4668-BE54-9A1E7A4F7556}") = "Indt.Sistema.Seguros.Proposta.API", "src\Indt.Sistema.Seguros.Proposta.API\Indt.Sistema.Seguros.Proposta.API.csproj", "{869D7203-C58E-4E6B-BFDF-0D23FC9D0D10}"
EndProject
Project("{9A19103F-16F7-4668-BE54-9A1E7A4F7556}") = "Indt.Sistema.Seguros.Contratos.API", "src\Indt.Sistema.Seguros.Contratos.API\Indt.Sistema.Seguros.Contratos.API.csproj", "{D84DE40B-2C43-40C1-A844-A93096ED59A2}"
EndProject
Project("{9A19103F-16F7-4668-BE54-9A1E7A4F7556}") = "Indt.Sistema.Seguros.Commons", "src\Indt.Sistema.Seguros.Commons\Indt.Sistema.Seguros.Commons.csproj", "{14CB5B57-A9D7-434B-9E16-1084B1C91AB5}"
EndProject
Project("{FAE04EC0-301F-11D3-BF4B-00C04F79EFBC}") = "Indt.Sistema.Seguros.Contratos.Workers", "src\Indt.Sistema.Seguros.Contratos.Workers\Indt.Sistema.Seguros.Contratos.Workers.csproj", "{36DD5B97-2AFC-40C1-8073-549EE4007D50}"
EndProject
Project("{E53339B2-1760-4266-BCC7-CA923CBCF16C}") = "docker-compose", "docker-compose.dcproj", "{B267B4EC-1DE6-4ED1-BB32-99A01FC705EF}"
EndProject
Global
	GlobalSection(SolutionConfigurationPlatforms) = preSolution
		Debug|Any CPU = Debug|Any CPU
		Release|Any CPU = Release|Any CPU
	EndGlobalSection
	GlobalSection(ProjectConfigurationPlatforms) = postSolution
		{3D75339D-6567-45D5-80F2-9DEA41FDAE16}.Debug|Any CPU.ActiveCfg = Debug|Any CPU
		{3D75339D-6567-45D5-80F2-9DEA41FDAE16}.Debug|Any CPU.Build.0 = Debug|Any CPU
		{3D75339D-6567-45D5-80F2-9DEA41FDAE16}.Release|Any CPU.ActiveCfg = Release|Any CPU
		{3D75339D-6567-45D5-80F2-9DEA41FDAE16}.Release|Any CPU.Build.0 = Release|Any CPU
		{9BDC608D-E231-49B4-B026-44FF366F59D1}.Debug|Any CPU.ActiveCfg = Debug|Any CPU
		{9BDC608D-E231-49B4-B026-44FF366F59D1}.Debug|Any CPU.Build.0 = Debug|Any CPU
		{9BDC608D-E231-49B4-B026-44FF366F59D1}.Release|Any CPU.ActiveCfg = Release|Any CPU
		{9BDC608D-E231-49B4-B026-44FF366F59D1}.Release|Any CPU.Build.0 = Release|Any CPU
		{60C6354F-553E-49C5-996D-BC0704035682}.Debug|Any CPU.ActiveCfg = Debug|Any CPU
		{60C6354F-553E-49C5-996D-BC0704035682}.Debug|Any CPU.Build.0 = Debug|Any CPU
		{60C6354F-553E-49C5-996D-BC0704035682}.Release|Any CPU.ActiveCfg = Release|Any CPU
		{60C6354F-553E-49C5-996D-BC0704035682}.Release|Any CPU.Build.0 = Release|Any CPU
		{CD9F8010-543A-44FD-B6A8-94560FE93A6F}.Debug|Any CPU.ActiveCfg = Debug|Any CPU
		{CD9F8010-543A-44FD-B6A8-94560FE93A6F}.Debug|Any CPU.Build.0 = Debug|Any CPU
		{CD9F8010-543A-44FD-B6A8-94560FE93A6F}.Release|Any CPU.ActiveCfg = Release|Any CPU
		{CD9F8010-543A-44FD-B6A8-94560FE93A6F}.Release|Any CPU.Build.0 = Release|Any CPU
		{600107B1-D720-46CB-A050-8A114C512FCB}.Debug|Any CPU.ActiveCfg = Debug|Any CPU
		{600107B1-D720-46CB-A050-8A114C512FCB}.Debug|Any CPU.Build.0 = Debug|Any CPU
		{600107B1-D720-46CB-A050-8A114C512FCB}.Release|Any CPU.ActiveCfg = Release|Any CPU
		{600107B1-D720-46CB-A050-8A114C512FCB}.Release|Any CPU.Build.0 = Release|Any CPU
		{058E8305-14FC-4ECE-9D6A-5EAD45D457CA}.Debug|Any CPU.ActiveCfg = Debug|Any CPU
		{058E8305-14FC-4ECE-9D6A-5EAD45D457CA}.Debug|Any CPU.Build.0 = Debug|Any CPU
		{058E8305-14FC-4ECE-9D6A-5EAD45D457CA}.Release|Any CPU.ActiveCfg = Release|Any CPU
		{058E8305-14FC-4ECE-9D6A-5EAD45D457CA}.Release|Any CPU.Build.0 = Release|Any CPU
		{869D7203-C58E-4E6B-BFDF-0D23FC9D0D10}.Debug|Any CPU.ActiveCfg = Debug|Any CPU
		{869D7203-C58E-4E6B-BFDF-0D23FC9D0D10}.Debug|Any CPU.Build.0 = Debug|Any CPU
		{869D7203-C58E-4E6B-BFDF-0D23FC9D0D10}.Release|Any CPU.ActiveCfg = Release|Any CPU
		{869D7203-C58E-4E6B-BFDF-0D23FC9D0D10}.Release|Any CPU.Build.0 = Release|Any CPU
		{D84DE40B-2C43-40C1-A844-A93096ED59A2}.Debug|Any CPU.ActiveCfg = Debug|Any CPU
		{D84DE40B-2C43-40C1-A844-A93096ED59A2}.Debug|Any CPU.Build.0 = Debug|Any CPU
		{D84DE40B-2C43-40C1-A844-A93096ED59A2}.Release|Any CPU.ActiveCfg = Release|Any CPU
		{D84DE40B-2C43-40C1-A844-A93096ED59A2}.Release|Any CPU.Build.0 = Release|Any CPU
		{14CB5B57-A9D7-434B-9E16-1084B1C91AB5}.Debug|Any CPU.ActiveCfg = Debug|Any CPU
		{14CB5B57-A9D7-434B-9E16-1084B1C91AB5}.Debug|Any CPU.Build.0 = Debug|Any CPU
		{14CB5B57-A9D7-434B-9E16-1084B1C91AB5}.Release|Any CPU.ActiveCfg = Release|Any CPU
		{14CB5B57-A9D7-434B-9E16-1084B1C91AB5}.Release|Any CPU.Build.0 = Release|Any CPU
		{36DD5B97-2AFC-40C1-8073-549EE4007D50}.Debug|Any CPU.ActiveCfg = Debug|Any CPU
		{36DD5B97-2AFC-40C1-8073-549EE4007D50}.Debug|Any CPU.Build.0 = Debug|Any CPU
		{36DD5B97-2AFC-40C1-8073-549EE4007D50}.Release|Any CPU.ActiveCfg = Release|Any CPU
		{36DD5B97-2AFC-40C1-8073-549EE4007D50}.Release|Any CPU.Build.0 = Release|Any CPU
		{B267B4EC-1DE6-4ED1-BB32-99A01FC705EF}.Debug|Any CPU.ActiveCfg = Debug|Any CPU
		{B267B4EC-1DE6-4ED1-BB32-99A01FC705EF}.Debug|Any CPU.Build.0 = Debug|Any CPU
		{B267B4EC-1DE6-4ED1-BB32-99A01FC705EF}.Release|Any CPU.ActiveCfg = Release|Any CPU
		{B267B4EC-1DE6-4ED1-BB32-99A01FC705EF}.Release|Any CPU.Build.0 = Release|Any CPU
	EndGlobalSection
	GlobalSection(SolutionProperties) = preSolution
		HideSolutionNode = FALSE
	EndGlobalSection
	GlobalSection(NestedProjects) = preSolution
		{1F6ADC0E-ECA3-4E56-8EF1-CF181D279DAA} = {5C2590D2-1933-451D-AC37-0BCCE10E2407}
		{5C2590D2-1933-451D-AC37-0BCCE10E2407} = {6F279363-1236-4CDF-A931-F10264E245C1}
		{970499EF-1E86-4A10-96D7-628D26202C94} = {5C2590D2-1933-451D-AC37-0BCCE10E2407}
		{3D75339D-6567-45D5-80F2-9DEA41FDAE16} = {970499EF-1E86-4A10-96D7-628D26202C94}
		{9BDC608D-E231-49B4-B026-44FF366F59D1} = {970499EF-1E86-4A10-96D7-628D26202C94}
		{4828238C-BDA1-476B-968F-563B3CD0AF3B} = {6F279363-1236-4CDF-A931-F10264E245C1}
		{60C6354F-553E-49C5-996D-BC0704035682} = {AB453A4D-0595-4D02-854D-1BA05394873F}
		{CD9F8010-543A-44FD-B6A8-94560FE93A6F} = {AB453A4D-0595-4D02-854D-1BA05394873F}
		{AB453A4D-0595-4D02-854D-1BA05394873F} = {4828238C-BDA1-476B-968F-563B3CD0AF3B}
		{6845D2AC-3912-474B-BAD6-DC3A4FF634C0} = {4828238C-BDA1-476B-968F-563B3CD0AF3B}
		{600107B1-D720-46CB-A050-8A114C512FCB} = {6845D2AC-3912-474B-BAD6-DC3A4FF634C0}
		{058E8305-14FC-4ECE-9D6A-5EAD45D457CA} = {1A93E300-2F24-4588-A345-1D7CDAEF3410}
		{869D7203-C58E-4E6B-BFDF-0D23FC9D0D10} = {1F6ADC0E-ECA3-4E56-8EF1-CF181D279DAA}
		{D84DE40B-2C43-40C1-A844-A93096ED59A2} = {1F6ADC0E-ECA3-4E56-8EF1-CF181D279DAA}
		{14CB5B57-A9D7-434B-9E16-1084B1C91AB5} = {1F6ADC0E-ECA3-4E56-8EF1-CF181D279DAA}
		{36DD5B97-2AFC-40C1-8073-549EE4007D50} = {1F6ADC0E-ECA3-4E56-8EF1-CF181D279DAA}
	EndGlobalSection
	GlobalSection(ExtensibilityGlobals) = postSolution
		SolutionGuid = {900E254B-23F9-478A-9F7F-B883A0FA2931}
	EndGlobalSection
EndGlobal
